
Microsoft Visual Studio Solution File, Format Version 12.00
# Visual Studio Version 17
VisualStudioVersion = 17.8.34511.84
MinimumVisualStudioVersion = 10.0.40219.1
Project("{FAE04EC0-301F-11D3-BF4B-00C04F79EFBC}") = "ProgP1ST10380589", "ProgP1ST10380589\ProgP1ST10380589.csproj", "{D6537B97-EA3A-49BC-A17B-D3D068507CB9}"
EndProject
Global
	GlobalSection(SolutionConfigurationPlatforms) = preSolution
		Debug|Any CPU = Debug|Any CPU
		Release|Any CPU = Release|Any CPU
	EndGlobalSection
	GlobalSection(ProjectConfigurationPlatforms) = postSolution
		{D6537B97-EA3A-49BC-A17B-D3D068507CB9}.Debug|Any CPU.ActiveCfg = Debug|Any CPU
		{D6537B97-EA3A-49BC-A17B-D3D068507CB9}.Debug|Any CPU.Build.0 = Debug|Any CPU
		{D6537B97-EA3A-49BC-A17B-D3D068507CB9}.Release|Any CPU.ActiveCfg = Release|Any CPU
		{D6537B97-EA3A-49BC-A17B-D3D068507CB9}.Release|Any CPU.Build.0 = Release|Any CPU
	EndGlobalSection
	GlobalSection(SolutionProperties) = preSolution
		HideSolutionNode = FALSE
	EndGlobalSection
	GlobalSection(ExtensibilityGlobals) = postSolution
		SolutionGuid = {FA0DD3C2-E5E0-482C-9FB4-6CA0C0D0D7D3}
	EndGlobalSection
EndGlobal
